
Microsoft Visual Studio Solution File, Format Version 12.00
# Visual Studio Version 17
VisualStudioVersion = 17.14.36221.1 d17.14
MinimumVisualStudioVersion = 10.0.40219.1
Project("{FAE04EC0-301F-11D3-BF4B-00C04F79EFBC}") = "HotelMaintenance.Application", "HotelMaintenance.Application.csproj", "{CA2CF884-1D01-58EF-0D66-03C534E65D66}"
EndProject
Project("{FAE04EC0-301F-11D3-BF4B-00C04F79EFBC}") = "HotelMaintenance.Contracts", "..\HotelMaintenance.Contracts\HotelMaintenance.Contracts.csproj", "{4137CAB4-87CB-00CF-657E-A2A59758BDCD}"
EndProject
Project("{FAE04EC0-301F-11D3-BF4B-00C04F79EFBC}") = "HotelMaintenance.Domain", "..\HotelMaintenance.Domain\HotelMaintenance.Domain.csproj", "{0A0A357A-3BB2-F796-461D-067231BDB810}"
EndProject
Project("{FAE04EC0-301F-11D3-BF4B-00C04F79EFBC}") = "HotelMaintenance.Identity", "..\..\Infrastructure\HotelMaintenance.Identity\HotelMaintenance.Identity.csproj", "{AD400D25-AFA9-A929-B748-B88B6FD4A950}"
EndProject
Project("{FAE04EC0-301F-11D3-BF4B-00C04F79EFBC}") = "HotelMaintenance.Infrastructure", "..\..\Infrastructure\HotelMaintenance.Infrastructure\HotelMaintenance.Infrastructure.csproj", "{C763FF23-8309-00AC-8ED1-A04AB97ECCAB}"
EndProject
Project("{FAE04EC0-301F-11D3-BF4B-00C04F79EFBC}") = "HotelMaintenance.Persistence", "..\..\Infrastructure\HotelMaintenance.Persistence\HotelMaintenance.Persistence.csproj", "{96363AB6-B485-1F2C-3677-3AE8AD44D8CC}"
EndProject
Project("{FAE04EC0-301F-11D3-BF4B-00C04F79EFBC}") = "HotelMaintenance.API", "..\..\Presentation\HotelMaintenance.API\HotelMaintenance.API.csproj", "{35AE1C1F-8C83-47D9-4161-8D4528A36BA3}"
EndProject
Project("{FAE04EC0-301F-11D3-BF4B-00C04F79EFBC}") = "HotelMaintenance.Mobile", "..\..\Presentation\HotelMaintenance.Mobile\HotelMaintenance.Mobile.csproj", "{694C6FFD-924F-6C37-9B7D-D84476AC348C}"
EndProject
Project("{FAE04EC0-301F-11D3-BF4B-00C04F79EFBC}") = "HotelMaintenance.Web", "..\..\Presentation\HotelMaintenance.Web\HotelMaintenance.Web.csproj", "{E72029AB-EB3F-BEF9-3467-646F957ACD48}"
EndProject
Project("{FAE04EC0-301F-11D3-BF4B-00C04F79EFBC}") = "HotelMaintenance.Shared", "..\..\Shared\HotelMaintenance.Shared\HotelMaintenance.Shared.csproj", "{388AE37B-8E44-4D7C-5D81-81180B89F6E8}"
EndProject
Global
	GlobalSection(SolutionConfigurationPlatforms) = preSolution
		Debug|Any CPU = Debug|Any CPU
		Release|Any CPU = Release|Any CPU
	EndGlobalSection
	GlobalSection(ProjectConfigurationPlatforms) = postSolution
		{CA2CF884-1D01-58EF-0D66-03C534E65D66}.Debug|Any CPU.ActiveCfg = Debug|Any CPU
		{CA2CF884-1D01-58EF-0D66-03C534E65D66}.Debug|Any CPU.Build.0 = Debug|Any CPU
		{CA2CF884-1D01-58EF-0D66-03C534E65D66}.Release|Any CPU.ActiveCfg = Release|Any CPU
		{CA2CF884-1D01-58EF-0D66-03C534E65D66}.Release|Any CPU.Build.0 = Release|Any CPU
		{4137CAB4-87CB-00CF-657E-A2A59758BDCD}.Debug|Any CPU.ActiveCfg = Debug|Any CPU
		{4137CAB4-87CB-00CF-657E-A2A59758BDCD}.Debug|Any CPU.Build.0 = Debug|Any CPU
		{4137CAB4-87CB-00CF-657E-A2A59758BDCD}.Release|Any CPU.ActiveCfg = Release|Any CPU
		{4137CAB4-87CB-00CF-657E-A2A59758BDCD}.Release|Any CPU.Build.0 = Release|Any CPU
		{0A0A357A-3BB2-F796-461D-067231BDB810}.Debug|Any CPU.ActiveCfg = Debug|Any CPU
		{0A0A357A-3BB2-F796-461D-067231BDB810}.Debug|Any CPU.Build.0 = Debug|Any CPU
		{0A0A357A-3BB2-F796-461D-067231BDB810}.Release|Any CPU.ActiveCfg = Release|Any CPU
		{0A0A357A-3BB2-F796-461D-067231BDB810}.Release|Any CPU.Build.0 = Release|Any CPU
		{AD400D25-AFA9-A929-B748-B88B6FD4A950}.Debug|Any CPU.ActiveCfg = Debug|Any CPU
		{AD400D25-AFA9-A929-B748-B88B6FD4A950}.Debug|Any CPU.Build.0 = Debug|Any CPU
		{AD400D25-AFA9-A929-B748-B88B6FD4A950}.Release|Any CPU.ActiveCfg = Release|Any CPU
		{AD400D25-AFA9-A929-B748-B88B6FD4A950}.Release|Any CPU.Build.0 = Release|Any CPU
		{C763FF23-8309-00AC-8ED1-A04AB97ECCAB}.Debug|Any CPU.ActiveCfg = Debug|Any CPU
		{C763FF23-8309-00AC-8ED1-A04AB97ECCAB}.Debug|Any CPU.Build.0 = Debug|Any CPU
		{C763FF23-8309-00AC-8ED1-A04AB97ECCAB}.Release|Any CPU.ActiveCfg = Release|Any CPU
		{C763FF23-8309-00AC-8ED1-A04AB97ECCAB}.Release|Any CPU.Build.0 = Release|Any CPU
		{96363AB6-B485-1F2C-3677-3AE8AD44D8CC}.Debug|Any CPU.ActiveCfg = Debug|Any CPU
		{96363AB6-B485-1F2C-3677-3AE8AD44D8CC}.Debug|Any CPU.Build.0 = Debug|Any CPU
		{96363AB6-B485-1F2C-3677-3AE8AD44D8CC}.Release|Any CPU.ActiveCfg = Release|Any CPU
		{96363AB6-B485-1F2C-3677-3AE8AD44D8CC}.Release|Any CPU.Build.0 = Release|Any CPU
		{35AE1C1F-8C83-47D9-4161-8D4528A36BA3}.Debug|Any CPU.ActiveCfg = Debug|Any CPU
		{35AE1C1F-8C83-47D9-4161-8D4528A36BA3}.Debug|Any CPU.Build.0 = Debug|Any CPU
		{35AE1C1F-8C83-47D9-4161-8D4528A36BA3}.Release|Any CPU.ActiveCfg = Release|Any CPU
		{35AE1C1F-8C83-47D9-4161-8D4528A36BA3}.Release|Any CPU.Build.0 = Release|Any CPU
		{694C6FFD-924F-6C37-9B7D-D84476AC348C}.Debug|Any CPU.ActiveCfg = Debug|Any CPU
		{694C6FFD-924F-6C37-9B7D-D84476AC348C}.Debug|Any CPU.Build.0 = Debug|Any CPU
		{694C6FFD-924F-6C37-9B7D-D84476AC348C}.Release|Any CPU.ActiveCfg = Release|Any CPU
		{694C6FFD-924F-6C37-9B7D-D84476AC348C}.Release|Any CPU.Build.0 = Release|Any CPU
		{E72029AB-EB3F-BEF9-3467-646F957ACD48}.Debug|Any CPU.ActiveCfg = Debug|Any CPU
		{E72029AB-EB3F-BEF9-3467-646F957ACD48}.Debug|Any CPU.Build.0 = Debug|Any CPU
		{E72029AB-EB3F-BEF9-3467-646F957ACD48}.Release|Any CPU.ActiveCfg = Release|Any CPU
		{E72029AB-EB3F-BEF9-3467-646F957ACD48}.Release|Any CPU.Build.0 = Release|Any CPU
		{388AE37B-8E44-4D7C-5D81-81180B89F6E8}.Debug|Any CPU.ActiveCfg = Debug|Any CPU
		{388AE37B-8E44-4D7C-5D81-81180B89F6E8}.Debug|Any CPU.Build.0 = Debug|Any CPU
		{388AE37B-8E44-4D7C-5D81-81180B89F6E8}.Release|Any CPU.ActiveCfg = Release|Any CPU
		{388AE37B-8E44-4D7C-5D81-81180B89F6E8}.Release|Any CPU.Build.0 = Release|Any CPU
	EndGlobalSection
	GlobalSection(SolutionProperties) = preSolution
		HideSolutionNode = FALSE
	EndGlobalSection
	GlobalSection(ExtensibilityGlobals) = postSolution
		SolutionGuid = {B1B09B9F-275A-439A-9F87-946EED44FCE7}
	EndGlobalSection
EndGlobal
